// !$*UTF8*$!
{
	archiveVersion = 1;
	classes = {
	};
	objectVersion = 50;
	objects = {

/* Begin PBXBuildFile section */
		9B94CC32227DB7A600AF848E /* AppDelegate.swift in Sources */ = {isa = PBXBuildFile; fileRef = 9B94CC31227DB7A600AF848E /* AppDelegate.swift */; };
		9B94CC34227DB7A600AF848E /* ViewController.swift in Sources */ = {isa = PBXBuildFile; fileRef = 9B94CC33227DB7A600AF848E /* ViewController.swift */; };
		9B94CC37227DB7A600AF848E /* Main.storyboard in Resources */ = {isa = PBXBuildFile; fileRef = 9B94CC35227DB7A600AF848E /* Main.storyboard */; };
		9B94CC39227DB7A800AF848E /* Assets.xcassets in Resources */ = {isa = PBXBuildFile; fileRef = 9B94CC38227DB7A800AF848E /* Assets.xcassets */; };
		9B94CC3C227DB7A800AF848E /* LaunchScreen.storyboard in Resources */ = {isa = PBXBuildFile; fileRef = 9B94CC3A227DB7A800AF848E /* LaunchScreen.storyboard */; };
		9B94CC44227DBCB100AF848E /* TableViewDataModel.swift in Sources */ = {isa = PBXBuildFile; fileRef = 9B94CC43227DBCB100AF848E /* TableViewDataModel.swift */; };
		9B94CC47227DC2F400AF848E /* TableViewCell.swift in Sources */ = {isa = PBXBuildFile; fileRef = 9B94CC45227DC2F400AF848E /* TableViewCell.swift */; };
		9B94CC48227DC2F400AF848E /* TableViewCell.xib in Resources */ = {isa = PBXBuildFile; fileRef = 9B94CC46227DC2F400AF848E /* TableViewCell.xib */; };
		9B94CC4A227DC51300AF848E /* TableViewHeaderFooterView.swift in Sources */ = {isa = PBXBuildFile; fileRef = 9B94CC49227DC51300AF848E /* TableViewHeaderFooterView.swift */; };
		9B94CC4C227DC52800AF848E /* TableViewHeaderFooterView.xib in Resources */ = {isa = PBXBuildFile; fileRef = 9B94CC4B227DC52800AF848E /* TableViewHeaderFooterView.xib */; };
		9B94CC4F227EAB4D00AF848E /* MoreTableViewCell.swift in Sources */ = {isa = PBXBuildFile; fileRef = 9B94CC4D227EAB4D00AF848E /* MoreTableViewCell.swift */; };
		9B94CC50227EAB4D00AF848E /* MoreTableViewCell.xib in Resources */ = {isa = PBXBuildFile; fileRef = 9B94CC4E227EAB4D00AF848E /* MoreTableViewCell.xib */; };
/* End PBXBuildFile section */

/* Begin PBXFileReference section */
		9B94CC2E227DB7A600AF848E /* SampleTableView.app */ = {isa = PBXFileReference; explicitFileType = wrapper.application; includeInIndex = 0; path = SampleTableView.app; sourceTree = BUILT_PRODUCTS_DIR; };
		9B94CC31227DB7A600AF848E /* AppDelegate.swift */ = {isa = PBXFileReference; lastKnownFileType = sourcecode.swift; path = AppDelegate.swift; sourceTree = "<group>"; };
		9B94CC33227DB7A600AF848E /* ViewController.swift */ = {isa = PBXFileReference; lastKnownFileType = sourcecode.swift; path = ViewController.swift; sourceTree = "<group>"; };
		9B94CC36227DB7A600AF848E /* Base */ = {isa = PBXFileReference; lastKnownFileType = file.storyboard; name = Base; path = Base.lproj/Main.storyboard; sourceTree = "<group>"; };
		9B94CC38227DB7A800AF848E /* Assets.xcassets */ = {isa = PBXFileReference; lastKnownFileType = folder.assetcatalog; path = Assets.xcassets; sourceTree = "<group>"; };
		9B94CC3B227DB7A800AF848E /* Base */ = {isa = PBXFileReference; lastKnownFileType = file.storyboard; name = Base; path = Base.lproj/LaunchScreen.storyboard; sourceTree = "<group>"; };
		9B94CC3D227DB7A800AF848E /* Info.plist */ = {isa = PBXFileReference; lastKnownFileType = text.plist.xml; path = Info.plist; sourceTree = "<group>"; };
		9B94CC43227DBCB100AF848E /* TableViewDataModel.swift */ = {isa = PBXFileReference; lastKnownFileType = sourcecode.swift; path = TableViewDataModel.swift; sourceTree = "<group>"; };
		9B94CC45227DC2F400AF848E /* TableViewCell.swift */ = {isa = PBXFileReference; lastKnownFileType = sourcecode.swift; path = TableViewCell.swift; sourceTree = "<group>"; };
		9B94CC46227DC2F400AF848E /* TableViewCell.xib */ = {isa = PBXFileReference; lastKnownFileType = file.xib; path = TableViewCell.xib; sourceTree = "<group>"; };
		9B94CC49227DC51300AF848E /* TableViewHeaderFooterView.swift */ = {isa = PBXFileReference; lastKnownFileType = sourcecode.swift; path = TableViewHeaderFooterView.swift; sourceTree = "<group>"; };
		9B94CC4B227DC52800AF848E /* TableViewHeaderFooterView.xib */ = {isa = PBXFileReference; lastKnownFileType = file.xib; path = TableViewHeaderFooterView.xib; sourceTree = "<group>"; };
		9B94CC4D227EAB4D00AF848E /* MoreTableViewCell.swift */ = {isa = PBXFileReference; lastKnownFileType = sourcecode.swift; path = MoreTableViewCell.swift; sourceTree = "<group>"; };
		9B94CC4E227EAB4D00AF848E /* MoreTableViewCell.xib */ = {isa = PBXFileReference; lastKnownFileType = file.xib; path = MoreTableViewCell.xib; sourceTree = "<group>"; };
/* End PBXFileReference section */

/* Begin PBXFrameworksBuildPhase section */
		9B94CC2B227DB7A600AF848E /* Frameworks */ = {
			isa = PBXFrameworksBuildPhase;
			buildActionMask = 2147483647;
			files = (
			);
			runOnlyForDeploymentPostprocessing = 0;
		};
/* End PBXFrameworksBuildPhase section */

/* Begin PBXGroup section */
		9B94CC25227DB7A600AF848E = {
			isa = PBXGroup;
			children = (
				9B94CC30227DB7A600AF848E /* SampleTableView */,
				9B94CC2F227DB7A600AF848E /* Products */,
			);
			sourceTree = "<group>";
		};
		9B94CC2F227DB7A600AF848E /* Products */ = {
			isa = PBXGroup;
			children = (
				9B94CC2E227DB7A600AF848E /* SampleTableView.app */,
			);
			name = Products;
			sourceTree = "<group>";
		};
		9B94CC30227DB7A600AF848E /* SampleTableView */ = {
			isa = PBXGroup;
			children = (
				9B94CC31227DB7A600AF848E /* AppDelegate.swift */,
				9B94CC33227DB7A600AF848E /* ViewController.swift */,
				9B94CC35227DB7A600AF848E /* Main.storyboard */,
				9B94CC38227DB7A800AF848E /* Assets.xcassets */,
				9B94CC3A227DB7A800AF848E /* LaunchScreen.storyboard */,
				9B94CC3D227DB7A800AF848E /* Info.plist */,
				9B94CC43227DBCB100AF848E /* TableViewDataModel.swift */,
				9B94CC45227DC2F400AF848E /* TableViewCell.swift */,
				9B94CC46227DC2F400AF848E /* TableViewCell.xib */,
				9B94CC49227DC51300AF848E /* TableViewHeaderFooterView.swift */,
				9B94CC4B227DC52800AF848E /* TableViewHeaderFooterView.xib */,
				9B94CC4D227EAB4D00AF848E /* MoreTableViewCell.swift */,
				9B94CC4E227EAB4D00AF848E /* MoreTableViewCell.xib */,
			);
			path = SampleTableView;
			sourceTree = "<group>";
		};
/* End PBXGroup section */

/* Begin PBXNativeTarget section */
		9B94CC2D227DB7A600AF848E /* SampleTableView */ = {
			isa = PBXNativeTarget;
			buildConfigurationList = 9B94CC40227DB7A800AF848E /* Build configuration list for PBXNativeTarget "SampleTableView" */;
			buildPhases = (
				9B94CC2A227DB7A600AF848E /* Sources */,
				9B94CC2B227DB7A600AF848E /* Frameworks */,
				9B94CC2C227DB7A600AF848E /* Resources */,
			);
			buildRules = (
			);
			dependencies = (
			);
			name = SampleTableView;
			productName = SampleTableView;
			productReference = 9B94CC2E227DB7A600AF848E /* SampleTableView.app */;
			productType = "com.apple.product-type.application";
		};
/* End PBXNativeTarget section */

/* Begin PBXProject section */
		9B94CC26227DB7A600AF848E /* Project object */ = {
			isa = PBXProject;
			attributes = {
				LastSwiftUpdateCheck = 1010;
				LastUpgradeCheck = 1010;
				ORGANIZATIONNAME = "Tara Singh";
				TargetAttributes = {
					9B94CC2D227DB7A600AF848E = {
						CreatedOnToolsVersion = 10.1;
					};
				};
			};
			buildConfigurationList = 9B94CC29227DB7A600AF848E /* Build configuration list for PBXProject "SampleTableView" */;
			compatibilityVersion = "Xcode 9.3";
			developmentRegion = en;
			hasScannedForEncodings = 0;
			knownRegions = (
				en,
				Base,
			);
			mainGroup = 9B94CC25227DB7A600AF848E;
			productRefGroup = 9B94CC2F227DB7A600AF848E /* Products */;
			projectDirPath = "";
			projectRoot = "";
			targets = (
				9B94CC2D227DB7A600AF848E /* SampleTableView */,
			);
		};
/* End PBXProject section */

/* Begin PBXResourcesBuildPhase section */
		9B94CC2C227DB7A600AF848E /* Resources */ = {
			isa = PBXResourcesBuildPhase;
			buildActionMask = 2147483647;
			files = (
				9B94CC50227EAB4D00AF848E /* MoreTableViewCell.xib in Resources */,
				9B94CC3C227DB7A800AF848E /* LaunchScreen.storyboard in Resources */,
				9B94CC48227DC2F400AF848E /* TableViewCell.xib in Resources */,
				9B94CC39227DB7A800AF848E /* Assets.xcassets in Resources */,
				9B94CC4C227DC52800AF848E /* TableViewHeaderFooterView.xib in Resources */,
				9B94CC37227DB7A600AF848E /* Main.storyboard in Resources */,
			);
			runOnlyForDeploymentPostprocessing = 0;
		};
/* End PBXResourcesBuildPhase section */

/* Begin PBXSourcesBuildPhase section */
		9B94CC2A227DB7A600AF848E /* Sources */ = {
			isa = PBXSourcesBuildPhase;
			buildActionMask = 2147483647;
			files = (
				9B94CC34227DB7A600AF848E /* ViewController.swift in Sources */,
				9B94CC47227DC2F400AF848E /* TableViewCell.swift in Sources */,
				9B94CC44227DBCB100AF848E /* TableViewDataModel.swift in Sources */,
				9B94CC32227DB7A600AF848E /* AppDelegate.swift in Sources */,
				9B94CC4F227EAB4D00AF848E /* MoreTableViewCell.swift in Sources */,
				9B94CC4A227DC51300AF848E /* TableViewHeaderFooterView.swift in Sources */,
			);
			runOnlyForDeploymentPostprocessing = 0;
		};
/* End PBXSourcesBuildPhase section */

/* Begin PBXVariantGroup section */
		9B94CC35227DB7A600AF848E /* Main.storyboard */ = {
			isa = PBXVariantGroup;
			children = (
				9B94CC36227DB7A600AF848E /* Base */,
			);
			name = Main.storyboard;
			sourceTree = "<group>";
		};
		9B94CC3A227DB7A800AF848E /* LaunchScreen.storyboard */ = {
			isa = PBXVariantGroup;
			children = (
				9B94CC3B227DB7A800AF848E /* Base */,
			);
			name = LaunchScreen.storyboard;
			sourceTree = "<group>";
		};
/* End PBXVariantGroup section */

/* Begin XCBuildConfiguration section */
		9B94CC3E227DB7A800AF848E /* Debug */ = {
			isa = XCBuildConfiguration;
			buildSettings = {
				ALWAYS_SEARCH_USER_PATHS = NO;
				CLANG_ANALYZER_NONNULL = YES;
				CLANG_ANALYZER_NUMBER_OBJECT_CONVERSION = YES_AGGRESSIVE;
				CLANG_CXX_LANGUAGE_STANDARD = "gnu++14";
				CLANG_CXX_LIBRARY = "libc++";
				CLANG_ENABLE_MODULES = YES;
				CLANG_ENABLE_OBJC_ARC = YES;
				CLANG_ENABLE_OBJC_WEAK = YES;
				CLANG_WARN_BLOCK_CAPTURE_AUTORELEASING = YES;
				CLANG_WARN_BOOL_CONVERSION = YES;
				CLANG_WARN_COMMA = YES;
				CLANG_WARN_CONSTANT_CONVERSION = YES;
				CLANG_WARN_DEPRECATED_OBJC_IMPLEMENTATIONS = YES;
				CLANG_WARN_DIRECT_OBJC_ISA_USAGE = YES_ERROR;
				CLANG_WARN_DOCUMENTATION_COMMENTS = YES;
				CLANG_WARN_EMPTY_BODY = YES;
				CLANG_WARN_ENUM_CONVERSION = YES;
				CLANG_WARN_INFINITE_RECURSION = YES;
				CLANG_WARN_INT_CONVERSION = YES;
				CLANG_WARN_NON_LITERAL_NULL_CONVERSION = YES;
				CLANG_WARN_OBJC_IMPLICIT_RETAIN_SELF = YES;
				CLANG_WARN_OBJC_LITERAL_CONVERSION = YES;
				CLANG_WARN_OBJC_ROOT_CLASS = YES_ERROR;
				CLANG_WARN_RANGE_LOOP_ANALYSIS = YES;
				CLANG_WARN_STRICT_PROTOTYPES = YES;
				CLANG_WARN_SUSPICIOUS_MOVE = YES;
				CLANG_WARN_UNGUARDED_AVAILABILITY = YES_AGGRESSIVE;
				CLANG_WARN_UNREACHABLE_CODE = YES;
				CLANG_WARN__DUPLICATE_METHOD_MATCH = YES;
				CODE_SIGN_IDENTITY = "iPhone Developer";
				COPY_PHASE_STRIP = NO;
				DEBUG_INFORMATION_FORMAT = dwarf;
				ENABLE_STRICT_OBJC_MSGSEND = YES;
				ENABLE_TESTABILITY = YES;
				GCC_C_LANGUAGE_STANDARD = gnu11;
				GCC_DYNAMIC_NO_PIC = NO;
				GCC_NO_COMMON_BLOCKS = YES;
				GCC_OPTIMIZATION_LEVEL = 0;
				GCC_PREPROCESSOR_DEFINITIONS = (
					"DEBUG=1",
					"$(inherited)",
				);
				GCC_WARN_64_TO_32_BIT_CONVERSION = YES;
				GCC_WARN_ABOUT_RETURN_TYPE = YES_ERROR;
				GCC_WARN_UNDECLARED_SELECTOR = YES;
				GCC_WARN_UNINITIALIZED_AUTOS = YES_AGGRESSIVE;
				GCC_WARN_UNUSED_FUNCTION = YES;
				GCC_WARN_UNUSED_VARIABLE = YES;
				IPHONEOS_DEPLOYMENT_TARGET = 12.1;
				MTL_ENABLE_DEBUG_INFO = INCLUDE_SOURCE;
				MTL_FAST_MATH = YES;
				ONLY_ACTIVE_ARCH = YES;
				SDKROOT = iphoneos;
				SWIFT_ACTIVE_COMPILATION_CONDITIONS = DEBUG;
				SWIFT_OPTIMIZATION_LEVEL = "-Onone";
			};
			name = Debug;
		};
		9B94CC3F227DB7A800AF848E /* Release */ = {
			isa = XCBuildConfiguration;
			buildSettings = {
				ALWAYS_SEARCH_USER_PATHS = NO;
				CLANG_ANALYZER_NONNULL = YES;
				CLANG_ANALYZER_NUMBER_OBJECT_CONVERSION = YES_AGGRESSIVE;
				CLANG_CXX_LANGUAGE_STANDARD = "gnu++14";
				CLANG_CXX_LIBRARY = "libc++";
				CLANG_ENABLE_MODULES = YES;
				CLANG_ENABLE_OBJC_ARC = YES;
				CLANG_ENABLE_OBJC_WEAK = YES;
				CLANG_WARN_BLOCK_CAPTURE_AUTORELEASING = YES;
				CLANG_WARN_BOOL_CONVERSION = YES;
				CLANG_WARN_COMMA = YES;
				CLANG_WARN_CONSTANT_CONVERSION = YES;
				CLANG_WARN_DEPRECATED_OBJC_IMPLEMENTATIONS = YES;
				CLANG_WARN_DIRECT_OBJC_ISA_USAGE = YES_ERROR;
				CLANG_WARN_DOCUMENTATION_COMMENTS = YES;
				CLANG_WARN_EMPTY_BODY = YES;
				CLANG_WARN_ENUM_CONVERSION = YES;
				CLANG_WARN_INFINITE_RECURSION = YES;
				CLANG_WARN_INT_CONVERSION = YES;
				CLANG_WARN_NON_LITERAL_NULL_CONVERSION = YES;
				CLANG_WARN_OBJC_IMPLICIT_RETAIN_SELF = YES;
				CLANG_WARN_OBJC_LITERAL_CONVERSION = YES;
				CLANG_WARN_OBJC_ROOT_CLASS = YES_ERROR;
				CLANG_WARN_RANGE_LOOP_ANALYSIS = YES;
				CLANG_WARN_STRICT_PROTOTYPES = YES;
				CLANG_WARN_SUSPICIOUS_MOVE = YES;
				CLANG_WARN_UNGUARDED_AVAILABILITY = YES_AGGRESSIVE;
				CLANG_WARN_UNREACHABLE_CODE = YES;
				CLANG_WARN__DUPLICATE_METHOD_MATCH = YES;
				CODE_SIGN_IDENTITY = "iPhone Developer";
				COPY_PHASE_STRIP = NO;
				DEBUG_INFORMATION_FORMAT = "dwarf-with-dsym";
				ENABLE_NS_ASSERTIONS = NO;
				ENABLE_STRICT_OBJC_MSGSEND = YES;
				GCC_C_LANGUAGE_STANDARD = gnu11;
				GCC_NO_COMMON_BLOCKS = YES;
				GCC_WARN_64_TO_32_BIT_CONVERSION = YES;
				GCC_WARN_ABOUT_RETURN_TYPE = YES_ERROR;
				GCC_WARN_UNDECLARED_SELECTOR = YES;
				GCC_WARN_UNINITIALIZED_AUTOS = YES_AGGRESSIVE;
				GCC_WARN_UNUSED_FUNCTION = YES;
				GCC_WARN_UNUSED_VARIABLE = YES;
				IPHONEOS_DEPLOYMENT_TARGET = 12.1;
				MTL_ENABLE_DEBUG_INFO = NO;
				MTL_FAST_MATH = YES;
				SDKROOT = iphoneos;
				SWIFT_COMPILATION_MODE = wholemodule;
				SWIFT_OPTIMIZATION_LEVEL = "-O";
				VALIDATE_PRODUCT = YES;
			};
			name = Release;
		};
		9B94CC41227DB7A800AF848E /* Debug */ = {
			isa = XCBuildConfiguration;
			buildSettings = {
				ASSETCATALOG_COMPILER_APPICON_NAME = AppIcon;
				CODE_SIGN_STYLE = Automatic;
				DEVELOPMENT_TEAM = 95AZS55YEK;
				INFOPLIST_FILE = SampleTableView/Info.plist;
				LD_RUNPATH_SEARCH_PATHS = (
					"$(inherited)",
					"@executable_path/Frameworks",
				);
				PRODUCT_BUNDLE_IDENTIFIER = Personal.SampleTableView;
				PRODUCT_NAME = "$(TARGET_NAME)";
				SWIFT_VERSION = 4.2;
				TARGETED_DEVICE_FAMILY = "1,2";
			};
			name = Debug;
		};
		9B94CC42227DB7A800AF848E /* Release */ = {
			isa = XCBuildConfiguration;
			buildSettings = {
				ASSETCATALOG_COMPILER_APPICON_NAME = AppIcon;
				CODE_SIGN_STYLE = Automatic;
				DEVELOPMENT_TEAM = 95AZS55YEK;
				INFOPLIST_FILE = SampleTableView/Info.plist;
				LD_RUNPATH_SEARCH_PATHS = (
					"$(inherited)",
					"@executable_path/Frameworks",
				);
				PRODUCT_BUNDLE_IDENTIFIER = Personal.SampleTableView;
				PRODUCT_NAME = "$(TARGET_NAME)";
				SWIFT_VERSION = 4.2;
				TARGETED_DEVICE_FAMILY = "1,2";
			};
			name = Release;
		};
/* End XCBuildConfiguration section */

/* Begin XCConfigurationList section */
		9B94CC29227DB7A600AF848E /* Build configuration list for PBXProject "SampleTableView" */ = {
			isa = XCConfigurationList;
			buildConfigurations = (
				9B94CC3E227DB7A800AF848E /* Debug */,
				9B94CC3F227DB7A800AF848E /* Release */,
			);
			defaultConfigurationIsVisible = 0;
			defaultConfigurationName = Release;
		};
		9B94CC40227DB7A800AF848E /* Build configuration list for PBXNativeTarget "SampleTableView" */ = {
			isa = XCConfigurationList;
			buildConfigurations = (
				9B94CC41227DB7A800AF848E /* Debug */,
				9B94CC42227DB7A800AF848E /* Release */,
			);
			defaultConfigurationIsVisible = 0;
			defaultConfigurationName = Release;
		};
/* End XCConfigurationList section */
	};
	rootObject = 9B94CC26227DB7A600AF848E /* Project object */;
}
